// !$*UTF8*$!
{
	archiveVersion = 1;
	classes = {
	};
	objectVersion = 56;
	objects = {

/* Begin PBXBuildFile section */
		CE2010EF29A1688600698BBB /* AppDelegate.swift in Sources */ = {isa = PBXBuildFile; fileRef = CE2010EE29A1688600698BBB /* AppDelegate.swift */; };
		CE2010F129A1688600698BBB /* SceneDelegate.swift in Sources */ = {isa = PBXBuildFile; fileRef = CE2010F029A1688600698BBB /* SceneDelegate.swift */; };
		CE2010F329A1688600698BBB /* AllNotesViewController.swift in Sources */ = {isa = PBXBuildFile; fileRef = CE2010F229A1688600698BBB /* AllNotesViewController.swift */; };
		CE2010F629A1688600698BBB /* Main.storyboard in Resources */ = {isa = PBXBuildFile; fileRef = CE2010F429A1688600698BBB /* Main.storyboard */; };
		CE2010F829A1688800698BBB /* Assets.xcassets in Resources */ = {isa = PBXBuildFile; fileRef = CE2010F729A1688800698BBB /* Assets.xcassets */; };
		CE2010FB29A1688800698BBB /* LaunchScreen.storyboard in Resources */ = {isa = PBXBuildFile; fileRef = CE2010F929A1688800698BBB /* LaunchScreen.storyboard */; };
		CE20110329A168C900698BBB /* Storage.swift in Sources */ = {isa = PBXBuildFile; fileRef = CE20110229A168C900698BBB /* Storage.swift */; };
		CE3D7BD729A16E18002AF416 /* AddNotesViewController.swift in Sources */ = {isa = PBXBuildFile; fileRef = CE3D7BD629A16E18002AF416 /* AddNotesViewController.swift */; };
/* End PBXBuildFile section */

/* Begin PBXFileReference section */
		CE2010EB29A1688600698BBB /* Заметульки.app */ = {isa = PBXFileReference; explicitFileType = wrapper.application; includeInIndex = 0; path = "Заметульки.app"; sourceTree = BUILT_PRODUCTS_DIR; };
		CE2010EE29A1688600698BBB /* AppDelegate.swift */ = {isa = PBXFileReference; lastKnownFileType = sourcecode.swift; path = AppDelegate.swift; sourceTree = "<group>"; };
		CE2010F029A1688600698BBB /* SceneDelegate.swift */ = {isa = PBXFileReference; lastKnownFileType = sourcecode.swift; path = SceneDelegate.swift; sourceTree = "<group>"; };
		CE2010F229A1688600698BBB /* AllNotesViewController.swift */ = {isa = PBXFileReference; lastKnownFileType = sourcecode.swift; path = AllNotesViewController.swift; sourceTree = "<group>"; };
		CE2010F529A1688600698BBB /* Base */ = {isa = PBXFileReference; lastKnownFileType = file.storyboard; name = Base; path = Base.lproj/Main.storyboard; sourceTree = "<group>"; };
		CE2010F729A1688800698BBB /* Assets.xcassets */ = {isa = PBXFileReference; lastKnownFileType = folder.assetcatalog; path = Assets.xcassets; sourceTree = "<group>"; };
		CE2010FA29A1688800698BBB /* Base */ = {isa = PBXFileReference; lastKnownFileType = file.storyboard; name = Base; path = Base.lproj/LaunchScreen.storyboard; sourceTree = "<group>"; };
		CE2010FC29A1688800698BBB /* Info.plist */ = {isa = PBXFileReference; lastKnownFileType = text.plist.xml; path = Info.plist; sourceTree = "<group>"; };
		CE20110229A168C900698BBB /* Storage.swift */ = {isa = PBXFileReference; lastKnownFileType = sourcecode.swift; path = Storage.swift; sourceTree = "<group>"; };
		CE3D7BD629A16E18002AF416 /* AddNotesViewController.swift */ = {isa = PBXFileReference; lastKnownFileType = sourcecode.swift; path = AddNotesViewController.swift; sourceTree = "<group>"; };
/* End PBXFileReference section */

/* Begin PBXFrameworksBuildPhase section */
		CE2010E829A1688600698BBB /* Frameworks */ = {
			isa = PBXFrameworksBuildPhase;
			buildActionMask = 2147483647;
			files = (
			);
			runOnlyForDeploymentPostprocessing = 0;
		};
/* End PBXFrameworksBuildPhase section */

/* Begin PBXGroup section */
		CE2010E229A1688600698BBB = {
			isa = PBXGroup;
			children = (
				CE2010ED29A1688600698BBB /* Заметульки */,
				CE2010EC29A1688600698BBB /* Products */,
			);
			sourceTree = "<group>";
		};
		CE2010EC29A1688600698BBB /* Products */ = {
			isa = PBXGroup;
			children = (
				CE2010EB29A1688600698BBB /* Заметульки.app */,
			);
			name = Products;
			sourceTree = "<group>";
		};
		CE2010ED29A1688600698BBB /* Заметульки */ = {
			isa = PBXGroup;
			children = (
				CE2010EE29A1688600698BBB /* AppDelegate.swift */,
				CE2010F029A1688600698BBB /* SceneDelegate.swift */,
				CE2010F229A1688600698BBB /* AllNotesViewController.swift */,
				CE2010F429A1688600698BBB /* Main.storyboard */,
				CE2010F729A1688800698BBB /* Assets.xcassets */,
				CE2010F929A1688800698BBB /* LaunchScreen.storyboard */,
				CE2010FC29A1688800698BBB /* Info.plist */,
				CE20110229A168C900698BBB /* Storage.swift */,
				CE3D7BD629A16E18002AF416 /* AddNotesViewController.swift */,
			);
			path = "Заметульки";
			sourceTree = "<group>";
		};
/* End PBXGroup section */

/* Begin PBXNativeTarget section */
		CE2010EA29A1688600698BBB /* Заметульки */ = {
			isa = PBXNativeTarget;
			buildConfigurationList = CE2010FF29A1688800698BBB /* Build configuration list for PBXNativeTarget "Заметульки" */;
			buildPhases = (
				CE2010E729A1688600698BBB /* Sources */,
				CE2010E829A1688600698BBB /* Frameworks */,
				CE2010E929A1688600698BBB /* Resources */,
			);
			buildRules = (
			);
			dependencies = (
			);
			name = "Заметульки";
			productName = "Заметульки";
			productReference = CE2010EB29A1688600698BBB /* Заметульки.app */;
			productType = "com.apple.product-type.application";
		};
/* End PBXNativeTarget section */

/* Begin PBXProject section */
		CE2010E329A1688600698BBB /* Project object */ = {
			isa = PBXProject;
			attributes = {
				BuildIndependentTargetsInParallel = 1;
				LastSwiftUpdateCheck = 1420;
				LastUpgradeCheck = 1420;
				TargetAttributes = {
					CE2010EA29A1688600698BBB = {
						CreatedOnToolsVersion = 14.2;
					};
				};
			};
			buildConfigurationList = CE2010E629A1688600698BBB /* Build configuration list for PBXProject "Заметульки" */;
			compatibilityVersion = "Xcode 14.0";
			developmentRegion = en;
			hasScannedForEncodings = 0;
			knownRegions = (
				en,
				Base,
			);
			mainGroup = CE2010E229A1688600698BBB;
			productRefGroup = CE2010EC29A1688600698BBB /* Products */;
			projectDirPath = "";
			projectRoot = "";
			targets = (
				CE2010EA29A1688600698BBB /* Заметульки */,
			);
		};
/* End PBXProject section */

/* Begin PBXResourcesBuildPhase section */
		CE2010E929A1688600698BBB /* Resources */ = {
			isa = PBXResourcesBuildPhase;
			buildActionMask = 2147483647;
			files = (
				CE2010FB29A1688800698BBB /* LaunchScreen.storyboard in Resources */,
				CE2010F829A1688800698BBB /* Assets.xcassets in Resources */,
				CE2010F629A1688600698BBB /* Main.storyboard in Resources */,
			);
			runOnlyForDeploymentPostprocessing = 0;
		};
/* End PBXResourcesBuildPhase section */

/* Begin PBXSourcesBuildPhase section */
		CE2010E729A1688600698BBB /* Sources */ = {
			isa = PBXSourcesBuildPhase;
			buildActionMask = 2147483647;
			files = (
				CE2010F329A1688600698BBB /* AllNotesViewController.swift in Sources */,
				CE3D7BD729A16E18002AF416 /* AddNotesViewController.swift in Sources */,
				CE20110329A168C900698BBB /* Storage.swift in Sources */,
				CE2010EF29A1688600698BBB /* AppDelegate.swift in Sources */,
				CE2010F129A1688600698BBB /* SceneDelegate.swift in Sources */,
			);
			runOnlyForDeploymentPostprocessing = 0;
		};
/* End PBXSourcesBuildPhase section */

/* Begin PBXVariantGroup section */
		CE2010F429A1688600698BBB /* Main.storyboard */ = {
			isa = PBXVariantGroup;
			children = (
				CE2010F529A1688600698BBB /* Base */,
			);
			name = Main.storyboard;
			sourceTree = "<group>";
		};
		CE2010F929A1688800698BBB /* LaunchScreen.storyboard */ = {
			isa = PBXVariantGroup;
			children = (
				CE2010FA29A1688800698BBB /* Base */,
			);
			name = LaunchScreen.storyboard;
			sourceTree = "<group>";
		};
/* End PBXVariantGroup section */

/* Begin XCBuildConfiguration section */
		CE2010FD29A1688800698BBB /* Debug */ = {
			isa = XCBuildConfiguration;
			buildSettings = {
				ALWAYS_SEARCH_USER_PATHS = NO;
				CLANG_ANALYZER_NONNULL = YES;
				CLANG_ANALYZER_NUMBER_OBJECT_CONVERSION = YES_AGGRESSIVE;
				CLANG_CXX_LANGUAGE_STANDARD = "gnu++20";
				CLANG_ENABLE_MODULES = YES;
				CLANG_ENABLE_OBJC_ARC = YES;
				CLANG_ENABLE_OBJC_WEAK = YES;
				CLANG_WARN_BLOCK_CAPTURE_AUTORELEASING = YES;
				CLANG_WARN_BOOL_CONVERSION = YES;
				CLANG_WARN_COMMA = YES;
				CLANG_WARN_CONSTANT_CONVERSION = YES;
				CLANG_WARN_DEPRECATED_OBJC_IMPLEMENTATIONS = YES;
				CLANG_WARN_DIRECT_OBJC_ISA_USAGE = YES_ERROR;
				CLANG_WARN_DOCUMENTATION_COMMENTS = YES;
				CLANG_WARN_EMPTY_BODY = YES;
				CLANG_WARN_ENUM_CONVERSION = YES;
				CLANG_WARN_INFINITE_RECURSION = YES;
				CLANG_WARN_INT_CONVERSION = YES;
				CLANG_WARN_NON_LITERAL_NULL_CONVERSION = YES;
				CLANG_WARN_OBJC_IMPLICIT_RETAIN_SELF = YES;
				CLANG_WARN_OBJC_LITERAL_CONVERSION = YES;
				CLANG_WARN_OBJC_ROOT_CLASS = YES_ERROR;
				CLANG_WARN_QUOTED_INCLUDE_IN_FRAMEWORK_HEADER = YES;
				CLANG_WARN_RANGE_LOOP_ANALYSIS = YES;
				CLANG_WARN_STRICT_PROTOTYPES = YES;
				CLANG_WARN_SUSPICIOUS_MOVE = YES;
				CLANG_WARN_UNGUARDED_AVAILABILITY = YES_AGGRESSIVE;
				CLANG_WARN_UNREACHABLE_CODE = YES;
				CLANG_WARN__DUPLICATE_METHOD_MATCH = YES;
				COPY_PHASE_STRIP = NO;
				DEBUG_INFORMATION_FORMAT = dwarf;
				ENABLE_STRICT_OBJC_MSGSEND = YES;
				ENABLE_TESTABILITY = YES;
				GCC_C_LANGUAGE_STANDARD = gnu11;
				GCC_DYNAMIC_NO_PIC = NO;
				GCC_NO_COMMON_BLOCKS = YES;
				GCC_OPTIMIZATION_LEVEL = 0;
				GCC_PREPROCESSOR_DEFINITIONS = (
					"DEBUG=1",
					"$(inherited)",
				);
				GCC_WARN_64_TO_32_BIT_CONVERSION = YES;
				GCC_WARN_ABOUT_RETURN_TYPE = YES_ERROR;
				GCC_WARN_UNDECLARED_SELECTOR = YES;
				GCC_WARN_UNINITIALIZED_AUTOS = YES_AGGRESSIVE;
				GCC_WARN_UNUSED_FUNCTION = YES;
				GCC_WARN_UNUSED_VARIABLE = YES;
				IPHONEOS_DEPLOYMENT_TARGET = 14.6;
				MTL_ENABLE_DEBUG_INFO = INCLUDE_SOURCE;
				MTL_FAST_MATH = YES;
				ONLY_ACTIVE_ARCH = YES;
				SDKROOT = iphoneos;
				SWIFT_ACTIVE_COMPILATION_CONDITIONS = DEBUG;
				SWIFT_OPTIMIZATION_LEVEL = "-Onone";
			};
			name = Debug;
		};
		CE2010FE29A1688800698BBB /* Release */ = {
			isa = XCBuildConfiguration;
			buildSettings = {
				ALWAYS_SEARCH_USER_PATHS = NO;
				CLANG_ANALYZER_NONNULL = YES;
				CLANG_ANALYZER_NUMBER_OBJECT_CONVERSION = YES_AGGRESSIVE;
				CLANG_CXX_LANGUAGE_STANDARD = "gnu++20";
				CLANG_ENABLE_MODULES = YES;
				CLANG_ENABLE_OBJC_ARC = YES;
				CLANG_ENABLE_OBJC_WEAK = YES;
				CLANG_WARN_BLOCK_CAPTURE_AUTORELEASING = YES;
				CLANG_WARN_BOOL_CONVERSION = YES;
				CLANG_WARN_COMMA = YES;
				CLANG_WARN_CONSTANT_CONVERSION = YES;
				CLANG_WARN_DEPRECATED_OBJC_IMPLEMENTATIONS = YES;
				CLANG_WARN_DIRECT_OBJC_ISA_USAGE = YES_ERROR;
				CLANG_WARN_DOCUMENTATION_COMMENTS = YES;
				CLANG_WARN_EMPTY_BODY = YES;
				CLANG_WARN_ENUM_CONVERSION = YES;
				CLANG_WARN_INFINITE_RECURSION = YES;
				CLANG_WARN_INT_CONVERSION = YES;
				CLANG_WARN_NON_LITERAL_NULL_CONVERSION = YES;
				CLANG_WARN_OBJC_IMPLICIT_RETAIN_SELF = YES;
				CLANG_WARN_OBJC_LITERAL_CONVERSION = YES;
				CLANG_WARN_OBJC_ROOT_CLASS = YES_ERROR;
				CLANG_WARN_QUOTED_INCLUDE_IN_FRAMEWORK_HEADER = YES;
				CLANG_WARN_RANGE_LOOP_ANALYSIS = YES;
				CLANG_WARN_STRICT_PROTOTYPES = YES;
				CLANG_WARN_SUSPICIOUS_MOVE = YES;
				CLANG_WARN_UNGUARDED_AVAILABILITY = YES_AGGRESSIVE;
				CLANG_WARN_UNREACHABLE_CODE = YES;
				CLANG_WARN__DUPLICATE_METHOD_MATCH = YES;
				COPY_PHASE_STRIP = NO;
				DEBUG_INFORMATION_FORMAT = "dwarf-with-dsym";
				ENABLE_NS_ASSERTIONS = NO;
				ENABLE_STRICT_OBJC_MSGSEND = YES;
				GCC_C_LANGUAGE_STANDARD = gnu11;
				GCC_NO_COMMON_BLOCKS = YES;
				GCC_WARN_64_TO_32_BIT_CONVERSION = YES;
				GCC_WARN_ABOUT_RETURN_TYPE = YES_ERROR;
				GCC_WARN_UNDECLARED_SELECTOR = YES;
				GCC_WARN_UNINITIALIZED_AUTOS = YES_AGGRESSIVE;
				GCC_WARN_UNUSED_FUNCTION = YES;
				GCC_WARN_UNUSED_VARIABLE = YES;
				IPHONEOS_DEPLOYMENT_TARGET = 14.6;
				MTL_ENABLE_DEBUG_INFO = NO;
				MTL_FAST_MATH = YES;
				SDKROOT = iphoneos;
				SWIFT_COMPILATION_MODE = wholemodule;
				SWIFT_OPTIMIZATION_LEVEL = "-O";
				VALIDATE_PRODUCT = YES;
			};
			name = Release;
		};
		CE20110029A1688800698BBB /* Debug */ = {
			isa = XCBuildConfiguration;
			buildSettings = {
				ASSETCATALOG_COMPILER_APPICON_NAME = AppIcon;
				ASSETCATALOG_COMPILER_GLOBAL_ACCENT_COLOR_NAME = AccentColor;
				CODE_SIGN_STYLE = Automatic;
				CURRENT_PROJECT_VERSION = 1;
				DEVELOPMENT_TEAM = L86P4HUDQ3;
				GENERATE_INFOPLIST_FILE = YES;
				INFOPLIST_FILE = "Заметульки/Info.plist";
				INFOPLIST_KEY_UIApplicationSupportsIndirectInputEvents = YES;
				INFOPLIST_KEY_UILaunchStoryboardName = LaunchScreen;
				INFOPLIST_KEY_UIMainStoryboardFile = Main;
				INFOPLIST_KEY_UISupportedInterfaceOrientations = UIInterfaceOrientationPortrait;
				INFOPLIST_KEY_UISupportedInterfaceOrientations_iPad = "UIInterfaceOrientationLandscapeLeft UIInterfaceOrientationLandscapeRight UIInterfaceOrientationPortrait UIInterfaceOrientationPortraitUpsideDown";
				IPHONEOS_DEPLOYMENT_TARGET = 14.6;
				LD_RUNPATH_SEARCH_PATHS = (
					"$(inherited)",
					"@executable_path/Frameworks",
				);
				MARKETING_VERSION = 1.0;
				PRODUCT_BUNDLE_IDENTIFIER = "seleza1.----------";
				PRODUCT_NAME = "$(TARGET_NAME)";
				SUPPORTED_PLATFORMS = "iphoneos iphonesimulator";
				SUPPORTS_MACCATALYST = NO;
				SUPPORTS_MAC_DESIGNED_FOR_IPHONE_IPAD = NO;
				SWIFT_EMIT_LOC_STRINGS = YES;
				SWIFT_VERSION = 5.0;
				TARGETED_DEVICE_FAMILY = 1;
			};
			name = Debug;
		};
		CE20110129A1688800698BBB /* Release */ = {
			isa = XCBuildConfiguration;
			buildSettings = {
				ASSETCATALOG_COMPILER_APPICON_NAME = AppIcon;
				ASSETCATALOG_COMPILER_GLOBAL_ACCENT_COLOR_NAME = AccentColor;
				CODE_SIGN_STYLE = Automatic;
				CURRENT_PROJECT_VERSION = 1;
				DEVELOPMENT_TEAM = L86P4HUDQ3;
				GENERATE_INFOPLIST_FILE = YES;
				INFOPLIST_FILE = "Заметульки/Info.plist";
				INFOPLIST_KEY_UIApplicationSupportsIndirectInputEvents = YES;
				INFOPLIST_KEY_UILaunchStoryboardName = LaunchScreen;
				INFOPLIST_KEY_UIMainStoryboardFile = Main;
				INFOPLIST_KEY_UISupportedInterfaceOrientations = UIInterfaceOrientationPortrait;
				INFOPLIST_KEY_UISupportedInterfaceOrientations_iPad = "UIInterfaceOrientationLandscapeLeft UIInterfaceOrientationLandscapeRight UIInterfaceOrientationPortrait UIInterfaceOrientationPortraitUpsideDown";
				IPHONEOS_DEPLOYMENT_TARGET = 14.6;
				LD_RUNPATH_SEARCH_PATHS = (
					"$(inherited)",
					"@executable_path/Frameworks",
				);
				MARKETING_VERSION = 1.0;
				PRODUCT_BUNDLE_IDENTIFIER = "seleza1.----------";
				PRODUCT_NAME = "$(TARGET_NAME)";
				SUPPORTED_PLATFORMS = "iphoneos iphonesimulator";
				SUPPORTS_MACCATALYST = NO;
				SUPPORTS_MAC_DESIGNED_FOR_IPHONE_IPAD = NO;
				SWIFT_EMIT_LOC_STRINGS = YES;
				SWIFT_VERSION = 5.0;
				TARGETED_DEVICE_FAMILY = 1;
			};
			name = Release;
		};
/* End XCBuildConfiguration section */

/* Begin XCConfigurationList section */
		CE2010E629A1688600698BBB /* Build configuration list for PBXProject "Заметульки" */ = {
			isa = XCConfigurationList;
			buildConfigurations = (
				CE2010FD29A1688800698BBB /* Debug */,
				CE2010FE29A1688800698BBB /* Release */,
			);
			defaultConfigurationIsVisible = 0;
			defaultConfigurationName = Release;
		};
		CE2010FF29A1688800698BBB /* Build configuration list for PBXNativeTarget "Заметульки" */ = {
			isa = XCConfigurationList;
			buildConfigurations = (
				CE20110029A1688800698BBB /* Debug */,
				CE20110129A1688800698BBB /* Release */,
			);
			defaultConfigurationIsVisible = 0;
			defaultConfigurationName = Release;
		};
/* End XCConfigurationList section */
	};
	rootObject = CE2010E329A1688600698BBB /* Project object */;
}
